
Microsoft Visual Studio Solution File, Format Version 12.00
# Visual Studio Version 17
VisualStudioVersion = 17.9.34607.119
MinimumVisualStudioVersion = 10.0.40219.1
Project("{8BC9CEB8-8B4A-11D0-8D11-00A0C91BC942}") = "singlelinkedlist25042024", "singlelinkedlist25042024\singlelinkedlist25042024.vcxproj", "{389EA3BC-E2D4-4AA0-9317-43BEAE3D0DC5}"
EndProject
Global
	GlobalSection(SolutionConfigurationPlatforms) = preSolution
		Debug|x64 = Debug|x64
		Debug|x86 = Debug|x86
		Release|x64 = Release|x64
		Release|x86 = Release|x86
	EndGlobalSection
	GlobalSection(ProjectConfigurationPlatforms) = postSolution
		{389EA3BC-E2D4-4AA0-9317-43BEAE3D0DC5}.Debug|x64.ActiveCfg = Debug|x64
		{389EA3BC-E2D4-4AA0-9317-43BEAE3D0DC5}.Debug|x64.Build.0 = Debug|x64
		{389EA3BC-E2D4-4AA0-9317-43BEAE3D0DC5}.Debug|x86.ActiveCfg = Debug|Win32
		{389EA3BC-E2D4-4AA0-9317-43BEAE3D0DC5}.Debug|x86.Build.0 = Debug|Win32
		{389EA3BC-E2D4-4AA0-9317-43BEAE3D0DC5}.Release|x64.ActiveCfg = Release|x64
		{389EA3BC-E2D4-4AA0-9317-43BEAE3D0DC5}.Release|x64.Build.0 = Release|x64
		{389EA3BC-E2D4-4AA0-9317-43BEAE3D0DC5}.Release|x86.ActiveCfg = Release|Win32
		{389EA3BC-E2D4-4AA0-9317-43BEAE3D0DC5}.Release|x86.Build.0 = Release|Win32
	EndGlobalSection
	GlobalSection(SolutionProperties) = preSolution
		HideSolutionNode = FALSE
	EndGlobalSection
	GlobalSection(ExtensibilityGlobals) = postSolution
		SolutionGuid = {EFD8E703-FC38-45C7-9642-CC827A26AF4B}
	EndGlobalSection
EndGlobal
